<?xml version="1.0" encoding="utf-8"?>
<Project ToolsVersion="4.0" xmlns="http://schemas.microsoft.com/developer/msbuild/2003">
  <ItemGroup>
    <Filter Include="Source Files">
      <UniqueIdentifier>{4FC737F1-C7A5-4376-A066-2A32D752A2FF}</UniqueIdentifier>
      <Extensions>cpp;c;cc;cxx;c++;cppm;ixx;def;odl;idl;hpj;bat;asm;asmx</Extensions>
    </Filter>
    <Filter Include="Header Files">
      <UniqueIdentifier>{93995380-89BD-4b04-88EB-625FBE52EBFB}</UniqueIdentifier>
      <Extensions>h;hh;hpp;hxx;h++;hm;inl;inc;ipp;xsd</Extensions>
    </Filter>
    <Filter Include="Resource Files">
      <UniqueIdentifier>{67DA6AB6-F800-4c08-8B7A-83BB121AAD01}</UniqueIdentifier>
      <Extensions>rc;ico;cur;bmp;dlg;rc2;rct;bin;rgs;gif;jpg;jpeg;jpe;resx;tiff;tif;png;wav;mfcribbon-ms</Extensions>
    </Filter>
    <Filter Include="Source Files\rlImGui">
      <UniqueIdentifier>{950608e2-7aa9-477f-8a82-345b06138a3c}</UniqueIdentifier>
    </Filter>
    <Filter Include="Source Files\oneHeaderLibs">
      <UniqueIdentifier>{46ea2267-e7cf-4eab-8b9f-7f3e2c4556ef}</UniqueIdentifier>
    </Filter>
    <Filter Include="Source Files\backends">
      <UniqueIdentifier>{541c7a0c-1794-4388-95e9-95b1dbd972b5}</UniqueIdentifier>
    </Filter>
    <Filter Include="Source Files\Extensions">
      <UniqueIdentifier>{62cbe482-fb41-4339-80ae-036965ab574b}</UniqueIdentifier>
    </Filter>
    <Filter Include="Source Files\utils">
      <UniqueIdentifier>{40fb52c6-c594-4ccd-bad2-659ff645f3e0}</UniqueIdentifier>
    </Filter>
    <Filter Include="Source Files\bintools">
      <UniqueIdentifier>{3a96327a-63ce-4cdc-9f9a-6f2541c7893a}</UniqueIdentifier>
    </Filter>
    <Filter Include="Source Files\ImGuiFD">
      <UniqueIdentifier>{08521704-9d1a-48ff-9be6-1288e68a3192}</UniqueIdentifier>
    </Filter>
  </ItemGroup>
  <ItemGroup>
    <ClCompile Include="..\..\..\..\src\rlImGui\rlImGui.cpp">
      <Filter>Source Files\rlImGui</Filter>
    </ClCompile>
    <ClCompile Include="..\..\..\..\src\backends\ArduboyBackend.cpp">
      <Filter>Source Files\backends</Filter>
    </ClCompile>
    <ClCompile Include="..\..\..\..\src\backends\DisplayBackend.cpp">
      <Filter>Source Files\backends</Filter>
    </ClCompile>
    <ClCompile Include="..\..\..\..\src\main.cpp">
      <Filter>Source Files</Filter>
    </ClCompile>
    <ClCompile Include="..\..\..\..\src\ArduEmu.cpp">
      <Filter>Source Files</Filter>
    </ClCompile>
    <ClCompile Include="..\..\..\..\src\Extensions\imguiExt.cpp">
      <Filter>Source Files\Extensions</Filter>
    </ClCompile>
    <ClCompile Include="..\..\..\..\src\backends\LogBackend.cpp">
      <Filter>Source Files\backends</Filter>
    </ClCompile>
    <ClCompile Include="..\..\..\..\src\backends\DebuggerBackend.cpp">
      <Filter>Source Files\backends</Filter>
    </ClCompile>
    <ClCompile Include="..\..\..\..\src\utils\asmViewer.cpp">
      <Filter>Source Files\utils</Filter>
    </ClCompile>
    <ClCompile Include="..\..\..\..\src\backends\mcuInfoBackend.cpp">
      <Filter>Source Files\backends</Filter>
    </ClCompile>
    <ClCompile Include="..\..\..\..\src\utils\symbolTable.cpp">
      <Filter>Source Files\utils</Filter>
    </ClCompile>
    <ClCompile Include="..\..\..\..\src\utils\hexViewer.cpp">
      <Filter>Source Files\utils</Filter>
    </ClCompile>
    <ClCompile Include="..\..\..\..\src\bintools\bintools.cpp">
      <Filter>Source Files\bintools</Filter>
    </ClCompile>
    <ClCompile Include="..\..\..\..\src\utils\byteVisualiser.cpp">
      <Filter>Source Files\utils</Filter>
    </ClCompile>
    <ClCompile Include="..\..\..\..\src\backends\AnalyticsBackend.cpp">
      <Filter>Source Files\backends</Filter>
    </ClCompile>
    <ClCompile Include="..\..\..\..\dependencies\ImGuiFD\ImGuiFD.cpp">
      <Filter>Source Files\ImGuiFD</Filter>
    </ClCompile>
    <ClCompile Include="..\..\..\..\dependencies\ImGuiFD\ImGuiFDNative.cpp">
      <Filter>Source Files\ImGuiFD</Filter>
    </ClCompile>
  </ItemGroup>
  <ItemGroup>
    <ClInclude Include="..\..\..\..\src\rlImGui\rlImGui.h">
      <Filter>Source Files\rlImGui</Filter>
    </ClInclude>
    <ClInclude Include="..\..\..\..\src\oneHeaderLibs\VectorOperators.h">
      <Filter>Source Files\oneHeaderLibs</Filter>
    </ClInclude>
    <ClInclude Include="..\..\..\..\src\backends\ArduboyBackend.h">
      <Filter>Source Files\backends</Filter>
    </ClInclude>
    <ClInclude Include="..\..\..\..\src\backends\DisplayBackend.h">
      <Filter>Source Files\backends</Filter>
    </ClInclude>
    <ClInclude Include="..\..\..\..\src\ArdEmu.h">
      <Filter>Source Files</Filter>
    </ClInclude>
    <ClInclude Include="..\..\..\..\src\Extensions\imguiExt.h">
      <Filter>Source Files\Extensions</Filter>
    </ClInclude>
    <ClInclude Include="..\..\..\..\src\backends\LogBackend.h">
      <Filter>Source Files\backends</Filter>
    </ClInclude>
    <ClInclude Include="..\..\..\..\src\backends\DebuggerBackend.h">
      <Filter>Source Files\backends</Filter>
    </ClInclude>
    <ClInclude Include="..\..\..\..\src\utils\asmViewer.h">
      <Filter>Source Files\utils</Filter>
    </ClInclude>
    <ClInclude Include="..\..\..\..\src\backends\mcuInfoBackend.h">
      <Filter>Source Files\backends</Filter>
    </ClInclude>
    <ClInclude Include="..\..\..\..\src\utils\symbolTable.h">
      <Filter>Source Files\utils</Filter>
    </ClInclude>
    <ClInclude Include="..\..\..\..\src\utils\hexViewer.h">
      <Filter>Source Files\utils</Filter>
    </ClInclude>
    <ClInclude Include="..\..\..\..\src\bintools\bintools.h">
      <Filter>Source Files\bintools</Filter>
    </ClInclude>
    <ClInclude Include="..\..\..\..\src\utils\byteVisualiser.h">
      <Filter>Source Files\utils</Filter>
    </ClInclude>
    <ClInclude Include="..\..\..\..\src\utils\mathUtils.h">
      <Filter>Source Files\utils</Filter>
    </ClInclude>
    <ClInclude Include="..\..\..\..\src\utils\ringBuffer.h">
      <Filter>Source Files\utils</Filter>
    </ClInclude>
    <ClInclude Include="..\..\..\..\src\backends\AnalyticsBackend.h">
      <Filter>Source Files\backends</Filter>
    </ClInclude>
    <ClInclude Include="..\..\..\..\dependencies\ImGuiFD\ImGuiFD.h">
      <Filter>Source Files\ImGuiFD</Filter>
    </ClInclude>
    <ClInclude Include="..\..\..\..\dependencies\ImGuiFD\ImGuiFD_internal.h">
      <Filter>Source Files\ImGuiFD</Filter>
    </ClInclude>
  </ItemGroup>
</Project>