
Microsoft Visual Studio Solution File, Format Version 12.00
# Visual Studio Version 16
VisualStudioVersion = 16.0.31402.337
MinimumVisualStudioVersion = 10.0.40219.1
Project("{8BC9CEB8-8B4A-11D0-8D11-00A0C91BC942}") = "Arduboy_Emulator", "Arduboy_Emulator\Arduboy_Emulator.vcxproj", "{49E21B9E-6569-4AA3-84AF-A7693872AC5C}"
	ProjectSection(ProjectDependencies) = postProject
		{6D6D6637-5C89-4CD0-865C-9C5610729C5A} = {6D6D6637-5C89-4CD0-865C-9C5610729C5A}
		{D7197750-0770-4211-9150-8F31908167A5} = {D7197750-0770-4211-9150-8F31908167A5}
		{E89D61AC-55DE-4482-AFD4-DF7242EBC859} = {E89D61AC-55DE-4482-AFD4-DF7242EBC859}
		{C3BAC2BB-BADC-4D13-B72C-6AA3520E9AF4} = {C3BAC2BB-BADC-4D13-B72C-6AA3520E9AF4}
	EndProjectSection
EndProject
Project("{8BC9CEB8-8B4A-11D0-8D11-00A0C91BC942}") = "Arduboy_Emulator_HL", "..\..\..\dependencies\Arduboy_Emulator_HL\projects\VS2019\Arduboy_Emulator_HL\Arduboy_Emulator_HL\Arduboy_Emulator_HL.vcxproj", "{6D6D6637-5C89-4CD0-865C-9C5610729C5A}"
EndProject
Project("{8BC9CEB8-8B4A-11D0-8D11-00A0C91BC942}") = "ATmega32u4_Emulator", "..\..\..\dependencies\Arduboy_Emulator_HL\dependencies\ATmega32u4_Emulator\projects\VS2019\ATmega32u4_Emulator\ATmega32u4_Emulator\ATmega32u4_Emulator.vcxproj", "{D7197750-0770-4211-9150-8F31908167A5}"
EndProject
Project("{8BC9CEB8-8B4A-11D0-8D11-00A0C91BC942}") = "raylib", "..\..\..\dependencies\raylib\projects\VS2019\raylib\raylib.vcxproj", "{E89D61AC-55DE-4482-AFD4-DF7242EBC859}"
EndProject
Project("{8BC9CEB8-8B4A-11D0-8D11-00A0C91BC942}") = "Dear ImGui", "Dear ImGui\Dear ImGui.vcxproj", "{C3BAC2BB-BADC-4D13-B72C-6AA3520E9AF4}"
EndProject
Global
	GlobalSection(SolutionConfigurationPlatforms) = preSolution
		Debug.DLL|x64 = Debug.DLL|x64
		Debug.DLL|x86 = Debug.DLL|x86
		Debug|x64 = Debug|x64
		Debug|x86 = Debug|x86
		Release.DLL|x64 = Release.DLL|x64
		Release.DLL|x86 = Release.DLL|x86
		Release|x64 = Release|x64
		Release|x86 = Release|x86
	EndGlobalSection
	GlobalSection(ProjectConfigurationPlatforms) = postSolution
		{49E21B9E-6569-4AA3-84AF-A7693872AC5C}.Debug.DLL|x64.ActiveCfg = Debug|x64
		{49E21B9E-6569-4AA3-84AF-A7693872AC5C}.Debug.DLL|x64.Build.0 = Debug|x64
		{49E21B9E-6569-4AA3-84AF-A7693872AC5C}.Debug.DLL|x86.ActiveCfg = Debug|Win32
		{49E21B9E-6569-4AA3-84AF-A7693872AC5C}.Debug.DLL|x86.Build.0 = Debug|Win32
		{49E21B9E-6569-4AA3-84AF-A7693872AC5C}.Debug|x64.ActiveCfg = Debug|x64
		{49E21B9E-6569-4AA3-84AF-A7693872AC5C}.Debug|x64.Build.0 = Debug|x64
		{49E21B9E-6569-4AA3-84AF-A7693872AC5C}.Debug|x86.ActiveCfg = Debug|Win32
		{49E21B9E-6569-4AA3-84AF-A7693872AC5C}.Debug|x86.Build.0 = Debug|Win32
		{49E21B9E-6569-4AA3-84AF-A7693872AC5C}.Release.DLL|x64.ActiveCfg = Release|x64
		{49E21B9E-6569-4AA3-84AF-A7693872AC5C}.Release.DLL|x64.Build.0 = Release|x64
		{49E21B9E-6569-4AA3-84AF-A7693872AC5C}.Release.DLL|x86.ActiveCfg = Release|Win32
		{49E21B9E-6569-4AA3-84AF-A7693872AC5C}.Release.DLL|x86.Build.0 = Release|Win32
		{49E21B9E-6569-4AA3-84AF-A7693872AC5C}.Release|x64.ActiveCfg = Release|x64
		{49E21B9E-6569-4AA3-84AF-A7693872AC5C}.Release|x64.Build.0 = Release|x64
		{49E21B9E-6569-4AA3-84AF-A7693872AC5C}.Release|x86.ActiveCfg = Release|Win32
		{49E21B9E-6569-4AA3-84AF-A7693872AC5C}.Release|x86.Build.0 = Release|Win32
		{6D6D6637-5C89-4CD0-865C-9C5610729C5A}.Debug.DLL|x64.ActiveCfg = Debug|x64
		{6D6D6637-5C89-4CD0-865C-9C5610729C5A}.Debug.DLL|x64.Build.0 = Debug|x64
		{6D6D6637-5C89-4CD0-865C-9C5610729C5A}.Debug.DLL|x86.ActiveCfg = Debug|Win32
		{6D6D6637-5C89-4CD0-865C-9C5610729C5A}.Debug.DLL|x86.Build.0 = Debug|Win32
		{6D6D6637-5C89-4CD0-865C-9C5610729C5A}.Debug|x64.ActiveCfg = Debug|x64
		{6D6D6637-5C89-4CD0-865C-9C5610729C5A}.Debug|x64.Build.0 = Debug|x64
		{6D6D6637-5C89-4CD0-865C-9C5610729C5A}.Debug|x86.ActiveCfg = Debug|Win32
		{6D6D6637-5C89-4CD0-865C-9C5610729C5A}.Debug|x86.Build.0 = Debug|Win32
		{6D6D6637-5C89-4CD0-865C-9C5610729C5A}.Release.DLL|x64.ActiveCfg = Release|x64
		{6D6D6637-5C89-4CD0-865C-9C5610729C5A}.Release.DLL|x64.Build.0 = Release|x64
		{6D6D6637-5C89-4CD0-865C-9C5610729C5A}.Release.DLL|x86.ActiveCfg = Release|Win32
		{6D6D6637-5C89-4CD0-865C-9C5610729C5A}.Release.DLL|x86.Build.0 = Release|Win32
		{6D6D6637-5C89-4CD0-865C-9C5610729C5A}.Release|x64.ActiveCfg = Release|x64
		{6D6D6637-5C89-4CD0-865C-9C5610729C5A}.Release|x64.Build.0 = Release|x64
		{6D6D6637-5C89-4CD0-865C-9C5610729C5A}.Release|x86.ActiveCfg = Release|Win32
		{6D6D6637-5C89-4CD0-865C-9C5610729C5A}.Release|x86.Build.0 = Release|Win32
		{D7197750-0770-4211-9150-8F31908167A5}.Debug.DLL|x64.ActiveCfg = Debug|x64
		{D7197750-0770-4211-9150-8F31908167A5}.Debug.DLL|x64.Build.0 = Debug|x64
		{D7197750-0770-4211-9150-8F31908167A5}.Debug.DLL|x86.ActiveCfg = Debug|Win32
		{D7197750-0770-4211-9150-8F31908167A5}.Debug.DLL|x86.Build.0 = Debug|Win32
		{D7197750-0770-4211-9150-8F31908167A5}.Debug|x64.ActiveCfg = Debug|x64
		{D7197750-0770-4211-9150-8F31908167A5}.Debug|x64.Build.0 = Debug|x64
		{D7197750-0770-4211-9150-8F31908167A5}.Debug|x86.ActiveCfg = Debug|Win32
		{D7197750-0770-4211-9150-8F31908167A5}.Debug|x86.Build.0 = Debug|Win32
		{D7197750-0770-4211-9150-8F31908167A5}.Release.DLL|x64.ActiveCfg = Release|x64
		{D7197750-0770-4211-9150-8F31908167A5}.Release.DLL|x64.Build.0 = Release|x64
		{D7197750-0770-4211-9150-8F31908167A5}.Release.DLL|x86.ActiveCfg = Release|Win32
		{D7197750-0770-4211-9150-8F31908167A5}.Release.DLL|x86.Build.0 = Release|Win32
		{D7197750-0770-4211-9150-8F31908167A5}.Release|x64.ActiveCfg = Release|x64
		{D7197750-0770-4211-9150-8F31908167A5}.Release|x64.Build.0 = Release|x64
		{D7197750-0770-4211-9150-8F31908167A5}.Release|x86.ActiveCfg = Release|Win32
		{D7197750-0770-4211-9150-8F31908167A5}.Release|x86.Build.0 = Release|Win32
		{E89D61AC-55DE-4482-AFD4-DF7242EBC859}.Debug.DLL|x64.ActiveCfg = Debug.DLL|x64
		{E89D61AC-55DE-4482-AFD4-DF7242EBC859}.Debug.DLL|x64.Build.0 = Debug.DLL|x64
		{E89D61AC-55DE-4482-AFD4-DF7242EBC859}.Debug.DLL|x86.ActiveCfg = Debug.DLL|Win32
		{E89D61AC-55DE-4482-AFD4-DF7242EBC859}.Debug.DLL|x86.Build.0 = Debug.DLL|Win32
		{E89D61AC-55DE-4482-AFD4-DF7242EBC859}.Debug|x64.ActiveCfg = Debug|x64
		{E89D61AC-55DE-4482-AFD4-DF7242EBC859}.Debug|x64.Build.0 = Debug|x64
		{E89D61AC-55DE-4482-AFD4-DF7242EBC859}.Debug|x86.ActiveCfg = Debug|Win32
		{E89D61AC-55DE-4482-AFD4-DF7242EBC859}.Debug|x86.Build.0 = Debug|Win32
		{E89D61AC-55DE-4482-AFD4-DF7242EBC859}.Release.DLL|x64.ActiveCfg = Release.DLL|x64
		{E89D61AC-55DE-4482-AFD4-DF7242EBC859}.Release.DLL|x64.Build.0 = Release.DLL|x64
		{E89D61AC-55DE-4482-AFD4-DF7242EBC859}.Release.DLL|x86.ActiveCfg = Release.DLL|Win32
		{E89D61AC-55DE-4482-AFD4-DF7242EBC859}.Release.DLL|x86.Build.0 = Release.DLL|Win32
		{E89D61AC-55DE-4482-AFD4-DF7242EBC859}.Release|x64.ActiveCfg = Release|x64
		{E89D61AC-55DE-4482-AFD4-DF7242EBC859}.Release|x64.Build.0 = Release|x64
		{E89D61AC-55DE-4482-AFD4-DF7242EBC859}.Release|x86.ActiveCfg = Release|Win32
		{E89D61AC-55DE-4482-AFD4-DF7242EBC859}.Release|x86.Build.0 = Release|Win32
		{C3BAC2BB-BADC-4D13-B72C-6AA3520E9AF4}.Debug.DLL|x64.ActiveCfg = Debug|x64
		{C3BAC2BB-BADC-4D13-B72C-6AA3520E9AF4}.Debug.DLL|x64.Build.0 = Debug|x64
		{C3BAC2BB-BADC-4D13-B72C-6AA3520E9AF4}.Debug.DLL|x86.ActiveCfg = Debug|Win32
		{C3BAC2BB-BADC-4D13-B72C-6AA3520E9AF4}.Debug.DLL|x86.Build.0 = Debug|Win32
		{C3BAC2BB-BADC-4D13-B72C-6AA3520E9AF4}.Debug|x64.ActiveCfg = Debug|x64
		{C3BAC2BB-BADC-4D13-B72C-6AA3520E9AF4}.Debug|x64.Build.0 = Debug|x64
		{C3BAC2BB-BADC-4D13-B72C-6AA3520E9AF4}.Debug|x86.ActiveCfg = Debug|Win32
		{C3BAC2BB-BADC-4D13-B72C-6AA3520E9AF4}.Debug|x86.Build.0 = Debug|Win32
		{C3BAC2BB-BADC-4D13-B72C-6AA3520E9AF4}.Release.DLL|x64.ActiveCfg = Release|x64
		{C3BAC2BB-BADC-4D13-B72C-6AA3520E9AF4}.Release.DLL|x64.Build.0 = Release|x64
		{C3BAC2BB-BADC-4D13-B72C-6AA3520E9AF4}.Release.DLL|x86.ActiveCfg = Release|Win32
		{C3BAC2BB-BADC-4D13-B72C-6AA3520E9AF4}.Release.DLL|x86.Build.0 = Release|Win32
		{C3BAC2BB-BADC-4D13-B72C-6AA3520E9AF4}.Release|x64.ActiveCfg = Release|x64
		{C3BAC2BB-BADC-4D13-B72C-6AA3520E9AF4}.Release|x64.Build.0 = Release|x64
		{C3BAC2BB-BADC-4D13-B72C-6AA3520E9AF4}.Release|x86.ActiveCfg = Release|Win32
		{C3BAC2BB-BADC-4D13-B72C-6AA3520E9AF4}.Release|x86.Build.0 = Release|Win32
	EndGlobalSection
	GlobalSection(SolutionProperties) = preSolution
		HideSolutionNode = FALSE
	EndGlobalSection
	GlobalSection(ExtensibilityGlobals) = postSolution
		SolutionGuid = {54F33A45-1BDE-40F5-A8C0-0AB6462D415A}
	EndGlobalSection
EndGlobal
